
Microsoft Visual Studio Solution File, Format Version 12.00
# Visual Studio Version 16
VisualStudioVersion = 16.0.30804.86
MinimumVisualStudioVersion = 10.0.40219.1
Project("{FAE04EC0-301F-11D3-BF4B-00C04F79EFBC}") = "Http", "Http\Http.csproj", "{46480AA3-F983-41BA-A5A1-C9FB868F87AA}"
EndProject
Global
	GlobalSection(SolutionConfigurationPlatforms) = preSolution
		Debug|Any CPU = Debug|Any CPU
		Release|Any CPU = Release|Any CPU
	EndGlobalSection
	GlobalSection(ProjectConfigurationPlatforms) = postSolution
		{46480AA3-F983-41BA-A5A1-C9FB868F87AA}.Debug|Any CPU.ActiveCfg = Debug|Any CPU
		{46480AA3-F983-41BA-A5A1-C9FB868F87AA}.Debug|Any CPU.Build.0 = Debug|Any CPU
		{46480AA3-F983-41BA-A5A1-C9FB868F87AA}.Release|Any CPU.ActiveCfg = Release|Any CPU
		{46480AA3-F983-41BA-A5A1-C9FB868F87AA}.Release|Any CPU.Build.0 = Release|Any CPU
	EndGlobalSection
	GlobalSection(SolutionProperties) = preSolution
		HideSolutionNode = FALSE
	EndGlobalSection
	GlobalSection(ExtensibilityGlobals) = postSolution
		SolutionGuid = {1C10C1AD-6F34-45E3-87CA-97B6528A7F0E}
	EndGlobalSection
EndGlobal
